// !$*UTF8*$!
{
	archiveVersion = 1;
	classes = {
	};
	objectVersion = 50;
	objects = {

/* Begin PBXBuildFile section */
		A3D270BF216EDEFF0014B439 /* UIImageView + Animation.swift in Sources */ = {isa = PBXBuildFile; fileRef = A3D270BE216EDEFF0014B439 /* UIImageView + Animation.swift */; };
		A3D270C1216EE5090014B439 /* UIlabel + Animation.swift in Sources */ = {isa = PBXBuildFile; fileRef = A3D270C0216EE5090014B439 /* UIlabel + Animation.swift */; };
		A3EFE623216E4572005B20D5 /* AppDelegate.swift in Sources */ = {isa = PBXBuildFile; fileRef = A3EFE622216E4572005B20D5 /* AppDelegate.swift */; };
		A3EFE625216E4572005B20D5 /* WeatherVC.swift in Sources */ = {isa = PBXBuildFile; fileRef = A3EFE624216E4572005B20D5 /* WeatherVC.swift */; };
		A3EFE62A216E4575005B20D5 /* Assets.xcassets in Resources */ = {isa = PBXBuildFile; fileRef = A3EFE629216E4575005B20D5 /* Assets.xcassets */; };
		A3EFE62D216E4575005B20D5 /* LaunchScreen.storyboard in Resources */ = {isa = PBXBuildFile; fileRef = A3EFE62B216E4575005B20D5 /* LaunchScreen.storyboard */; };
		A3EFE636216E50CD005B20D5 /* Weather.swift in Sources */ = {isa = PBXBuildFile; fileRef = A3EFE635216E50CD005B20D5 /* Weather.swift */; };
		A3EFE638216E51CD005B20D5 /* DataSource.swift in Sources */ = {isa = PBXBuildFile; fileRef = A3EFE637216E51CD005B20D5 /* DataSource.swift */; };
		A3EFE63A216E5427005B20D5 /* WeatherMockData.swift in Sources */ = {isa = PBXBuildFile; fileRef = A3EFE639216E5427005B20D5 /* WeatherMockData.swift */; };
		ADE4755D1A0DDEDA03443257 /* Pods_WeatherApp.framework in Frameworks */ = {isa = PBXBuildFile; fileRef = F97982D50F6AE9E53187F5EE /* Pods_WeatherApp.framework */; };
/* End PBXBuildFile section */

/* Begin PBXFileReference section */
		2D6CCCC57DDC3D8EF74BEAA5 /* Pods-WeatherApp.release.xcconfig */ = {isa = PBXFileReference; includeInIndex = 1; lastKnownFileType = text.xcconfig; name = "Pods-WeatherApp.release.xcconfig"; path = "Pods/Target Support Files/Pods-WeatherApp/Pods-WeatherApp.release.xcconfig"; sourceTree = "<group>"; };
		A3D270BE216EDEFF0014B439 /* UIImageView + Animation.swift */ = {isa = PBXFileReference; lastKnownFileType = sourcecode.swift; path = "UIImageView + Animation.swift"; sourceTree = "<group>"; };
		A3D270C0216EE5090014B439 /* UIlabel + Animation.swift */ = {isa = PBXFileReference; lastKnownFileType = sourcecode.swift; path = "UIlabel + Animation.swift"; sourceTree = "<group>"; };
		A3EFE61F216E4572005B20D5 /* WeatherApp.app */ = {isa = PBXFileReference; explicitFileType = wrapper.application; includeInIndex = 0; path = WeatherApp.app; sourceTree = BUILT_PRODUCTS_DIR; };
		A3EFE622216E4572005B20D5 /* AppDelegate.swift */ = {isa = PBXFileReference; lastKnownFileType = sourcecode.swift; path = AppDelegate.swift; sourceTree = "<group>"; };
		A3EFE624216E4572005B20D5 /* WeatherVC.swift */ = {isa = PBXFileReference; lastKnownFileType = sourcecode.swift; path = WeatherVC.swift; sourceTree = "<group>"; };
		A3EFE629216E4575005B20D5 /* Assets.xcassets */ = {isa = PBXFileReference; lastKnownFileType = folder.assetcatalog; path = Assets.xcassets; sourceTree = "<group>"; };
		A3EFE62C216E4575005B20D5 /* Base */ = {isa = PBXFileReference; lastKnownFileType = file.storyboard; name = Base; path = Base.lproj/LaunchScreen.storyboard; sourceTree = "<group>"; };
		A3EFE62E216E4575005B20D5 /* Info.plist */ = {isa = PBXFileReference; lastKnownFileType = text.plist.xml; path = Info.plist; sourceTree = "<group>"; };
		A3EFE635216E50CD005B20D5 /* Weather.swift */ = {isa = PBXFileReference; lastKnownFileType = sourcecode.swift; path = Weather.swift; sourceTree = "<group>"; };
		A3EFE637216E51CD005B20D5 /* DataSource.swift */ = {isa = PBXFileReference; lastKnownFileType = sourcecode.swift; path = DataSource.swift; sourceTree = "<group>"; };
		A3EFE639216E5427005B20D5 /* WeatherMockData.swift */ = {isa = PBXFileReference; lastKnownFileType = sourcecode.swift; path = WeatherMockData.swift; sourceTree = "<group>"; };
		BB9EC5B5A6A1BF2FC458FF6E /* Pods-WeatherApp.debug.xcconfig */ = {isa = PBXFileReference; includeInIndex = 1; lastKnownFileType = text.xcconfig; name = "Pods-WeatherApp.debug.xcconfig"; path = "Pods/Target Support Files/Pods-WeatherApp/Pods-WeatherApp.debug.xcconfig"; sourceTree = "<group>"; };
		F97982D50F6AE9E53187F5EE /* Pods_WeatherApp.framework */ = {isa = PBXFileReference; explicitFileType = wrapper.framework; includeInIndex = 0; path = Pods_WeatherApp.framework; sourceTree = BUILT_PRODUCTS_DIR; };
/* End PBXFileReference section */

/* Begin PBXFrameworksBuildPhase section */
		A3EFE61C216E4572005B20D5 /* Frameworks */ = {
			isa = PBXFrameworksBuildPhase;
			buildActionMask = 2147483647;
			files = (
				ADE4755D1A0DDEDA03443257 /* Pods_WeatherApp.framework in Frameworks */,
			);
			runOnlyForDeploymentPostprocessing = 0;
		};
/* End PBXFrameworksBuildPhase section */

/* Begin PBXGroup section */
		054F0603237F7416F4B48248 /* Frameworks */ = {
			isa = PBXGroup;
			children = (
				F97982D50F6AE9E53187F5EE /* Pods_WeatherApp.framework */,
			);
			name = Frameworks;
			sourceTree = "<group>";
		};
		A3D270BD216EDEC70014B439 /* Extensions */ = {
			isa = PBXGroup;
			children = (
				A3D270BE216EDEFF0014B439 /* UIImageView + Animation.swift */,
				A3D270C0216EE5090014B439 /* UIlabel + Animation.swift */,
			);
			path = Extensions;
			sourceTree = "<group>";
		};
		A3EFE616216E4572005B20D5 = {
			isa = PBXGroup;
			children = (
				A3EFE621216E4572005B20D5 /* WeatherApp */,
				A3EFE620216E4572005B20D5 /* Products */,
				C8B0C6B7084560C4EED0D175 /* Pods */,
				054F0603237F7416F4B48248 /* Frameworks */,
			);
			sourceTree = "<group>";
		};
		A3EFE620216E4572005B20D5 /* Products */ = {
			isa = PBXGroup;
			children = (
				A3EFE61F216E4572005B20D5 /* WeatherApp.app */,
			);
			name = Products;
			sourceTree = "<group>";
		};
		A3EFE621216E4572005B20D5 /* WeatherApp */ = {
			isa = PBXGroup;
			children = (
				A3D270BD216EDEC70014B439 /* Extensions */,
				A3EFE634216E4F95005B20D5 /* Data */,
				A3EFE63B216E572B005B20D5 /* Resources */,
				A3EFE63C216E574C005B20D5 /* View Controllers */,
				A3EFE622216E4572005B20D5 /* AppDelegate.swift */,
				A3EFE62E216E4575005B20D5 /* Info.plist */,
			);
			path = WeatherApp;
			sourceTree = "<group>";
		};
		A3EFE634216E4F95005B20D5 /* Data */ = {
			isa = PBXGroup;
			children = (
				A3EFE635216E50CD005B20D5 /* Weather.swift */,
				A3EFE637216E51CD005B20D5 /* DataSource.swift */,
				A3EFE639216E5427005B20D5 /* WeatherMockData.swift */,
			);
			path = Data;
			sourceTree = "<group>";
		};
		A3EFE63B216E572B005B20D5 /* Resources */ = {
			isa = PBXGroup;
			children = (
				A3EFE629216E4575005B20D5 /* Assets.xcassets */,
				A3EFE62B216E4575005B20D5 /* LaunchScreen.storyboard */,
			);
			path = Resources;
			sourceTree = "<group>";
		};
		A3EFE63C216E574C005B20D5 /* View Controllers */ = {
			isa = PBXGroup;
			children = (
				A3EFE624216E4572005B20D5 /* WeatherVC.swift */,
			);
			path = "View Controllers";
			sourceTree = "<group>";
		};
		C8B0C6B7084560C4EED0D175 /* Pods */ = {
			isa = PBXGroup;
			children = (
				BB9EC5B5A6A1BF2FC458FF6E /* Pods-WeatherApp.debug.xcconfig */,
				2D6CCCC57DDC3D8EF74BEAA5 /* Pods-WeatherApp.release.xcconfig */,
			);
			name = Pods;
			sourceTree = "<group>";
		};
/* End PBXGroup section */

/* Begin PBXNativeTarget section */
		A3EFE61E216E4572005B20D5 /* WeatherApp */ = {
			isa = PBXNativeTarget;
			buildConfigurationList = A3EFE631216E4575005B20D5 /* Build configuration list for PBXNativeTarget "WeatherApp" */;
			buildPhases = (
				FC55D36B47AFE63AFC49D271 /* [CP] Check Pods Manifest.lock */,
				A3EFE61B216E4572005B20D5 /* Sources */,
				A3EFE61C216E4572005B20D5 /* Frameworks */,
				A3EFE61D216E4572005B20D5 /* Resources */,
				ADAEF219953548EF2C250617 /* [CP] Embed Pods Frameworks */,
				F88F9B54F1C6E55C0D36030D /* [CP] Copy Pods Resources */,
			);
			buildRules = (
			);
			dependencies = (
			);
			name = WeatherApp;
			productName = WeatherApp;
			productReference = A3EFE61F216E4572005B20D5 /* WeatherApp.app */;
			productType = "com.apple.product-type.application";
		};
/* End PBXNativeTarget section */

/* Begin PBXProject section */
		A3EFE617216E4572005B20D5 /* Project object */ = {
			isa = PBXProject;
			attributes = {
				LastSwiftUpdateCheck = 1000;
				LastUpgradeCheck = 1000;
				ORGANIZATIONNAME = "Yauheni Ivaniuk";
				TargetAttributes = {
					A3EFE61E216E4572005B20D5 = {
						CreatedOnToolsVersion = 10.0;
					};
				};
			};
			buildConfigurationList = A3EFE61A216E4572005B20D5 /* Build configuration list for PBXProject "WeatherApp" */;
			compatibilityVersion = "Xcode 9.3";
			developmentRegion = en;
			hasScannedForEncodings = 0;
			knownRegions = (
				en,
				Base,
			);
			mainGroup = A3EFE616216E4572005B20D5;
			productRefGroup = A3EFE620216E4572005B20D5 /* Products */;
			projectDirPath = "";
			projectRoot = "";
			targets = (
				A3EFE61E216E4572005B20D5 /* WeatherApp */,
			);
		};
/* End PBXProject section */

/* Begin PBXResourcesBuildPhase section */
		A3EFE61D216E4572005B20D5 /* Resources */ = {
			isa = PBXResourcesBuildPhase;
			buildActionMask = 2147483647;
			files = (
				A3EFE62D216E4575005B20D5 /* LaunchScreen.storyboard in Resources */,
				A3EFE62A216E4575005B20D5 /* Assets.xcassets in Resources */,
			);
			runOnlyForDeploymentPostprocessing = 0;
		};
/* End PBXResourcesBuildPhase section */

/* Begin PBXShellScriptBuildPhase section */
		ADAEF219953548EF2C250617 /* [CP] Embed Pods Frameworks */ = {
			isa = PBXShellScriptBuildPhase;
			buildActionMask = 2147483647;
			files = (
			);
			inputPaths = (
				"${SRCROOT}/Pods/Target Support Files/Pods-WeatherApp/Pods-WeatherApp-frameworks.sh",
				"${BUILT_PRODUCTS_DIR}/SnapKit/SnapKit.framework",
			);
			name = "[CP] Embed Pods Frameworks";
			outputPaths = (
				"${TARGET_BUILD_DIR}/${FRAMEWORKS_FOLDER_PATH}/SnapKit.framework",
			);
			runOnlyForDeploymentPostprocessing = 0;
			shellPath = /bin/sh;
			shellScript = "\"${SRCROOT}/Pods/Target Support Files/Pods-WeatherApp/Pods-WeatherApp-frameworks.sh\"\n";
			showEnvVarsInLog = 0;
		};
		F88F9B54F1C6E55C0D36030D /* [CP] Copy Pods Resources */ = {
			isa = PBXShellScriptBuildPhase;
			buildActionMask = 2147483647;
			files = (
			);
			inputPaths = (
			);
			name = "[CP] Copy Pods Resources";
			outputPaths = (
			);
			runOnlyForDeploymentPostprocessing = 0;
			shellPath = /bin/sh;
			shellScript = "\"${SRCROOT}/Pods/Target Support Files/Pods-WeatherApp/Pods-WeatherApp-resources.sh\"\n";
			showEnvVarsInLog = 0;
		};
		FC55D36B47AFE63AFC49D271 /* [CP] Check Pods Manifest.lock */ = {
			isa = PBXShellScriptBuildPhase;
			buildActionMask = 2147483647;
			files = (
			);
			inputPaths = (
				"${PODS_PODFILE_DIR_PATH}/Podfile.lock",
				"${PODS_ROOT}/Manifest.lock",
			);
			name = "[CP] Check Pods Manifest.lock";
			outputPaths = (
				"$(DERIVED_FILE_DIR)/Pods-WeatherApp-checkManifestLockResult.txt",
			);
			runOnlyForDeploymentPostprocessing = 0;
			shellPath = /bin/sh;
			shellScript = "diff \"${PODS_PODFILE_DIR_PATH}/Podfile.lock\" \"${PODS_ROOT}/Manifest.lock\" > /dev/null\nif [ $? != 0 ] ; then\n    # print error to STDERR\n    echo \"error: The sandbox is not in sync with the Podfile.lock. Run 'pod install' or update your CocoaPods installation.\" >&2\n    exit 1\nfi\n# This output is used by Xcode 'outputs' to avoid re-running this script phase.\necho \"SUCCESS\" > \"${SCRIPT_OUTPUT_FILE_0}\"\n";
			showEnvVarsInLog = 0;
		};
/* End PBXShellScriptBuildPhase section */

/* Begin PBXSourcesBuildPhase section */
		A3EFE61B216E4572005B20D5 /* Sources */ = {
			isa = PBXSourcesBuildPhase;
			buildActionMask = 2147483647;
			files = (
				A3EFE625216E4572005B20D5 /* WeatherVC.swift in Sources */,
				A3EFE636216E50CD005B20D5 /* Weather.swift in Sources */,
				A3EFE638216E51CD005B20D5 /* DataSource.swift in Sources */,
				A3D270C1216EE5090014B439 /* UIlabel + Animation.swift in Sources */,
				A3EFE623216E4572005B20D5 /* AppDelegate.swift in Sources */,
				A3D270BF216EDEFF0014B439 /* UIImageView + Animation.swift in Sources */,
				A3EFE63A216E5427005B20D5 /* WeatherMockData.swift in Sources */,
			);
			runOnlyForDeploymentPostprocessing = 0;
		};
/* End PBXSourcesBuildPhase section */

/* Begin PBXVariantGroup section */
		A3EFE62B216E4575005B20D5 /* LaunchScreen.storyboard */ = {
			isa = PBXVariantGroup;
			children = (
				A3EFE62C216E4575005B20D5 /* Base */,
			);
			name = LaunchScreen.storyboard;
			sourceTree = "<group>";
		};
/* End PBXVariantGroup section */

/* Begin XCBuildConfiguration section */
		A3EFE62F216E4575005B20D5 /* Debug */ = {
			isa = XCBuildConfiguration;
			buildSettings = {
				ALWAYS_SEARCH_USER_PATHS = NO;
				CLANG_ANALYZER_NONNULL = YES;
				CLANG_ANALYZER_NUMBER_OBJECT_CONVERSION = YES_AGGRESSIVE;
				CLANG_CXX_LANGUAGE_STANDARD = "gnu++14";
				CLANG_CXX_LIBRARY = "libc++";
				CLANG_ENABLE_MODULES = YES;
				CLANG_ENABLE_OBJC_ARC = YES;
				CLANG_ENABLE_OBJC_WEAK = YES;
				CLANG_WARN_BLOCK_CAPTURE_AUTORELEASING = YES;
				CLANG_WARN_BOOL_CONVERSION = YES;
				CLANG_WARN_COMMA = YES;
				CLANG_WARN_CONSTANT_CONVERSION = YES;
				CLANG_WARN_DEPRECATED_OBJC_IMPLEMENTATIONS = YES;
				CLANG_WARN_DIRECT_OBJC_ISA_USAGE = YES_ERROR;
				CLANG_WARN_DOCUMENTATION_COMMENTS = YES;
				CLANG_WARN_EMPTY_BODY = YES;
				CLANG_WARN_ENUM_CONVERSION = YES;
				CLANG_WARN_INFINITE_RECURSION = YES;
				CLANG_WARN_INT_CONVERSION = YES;
				CLANG_WARN_NON_LITERAL_NULL_CONVERSION = YES;
				CLANG_WARN_OBJC_IMPLICIT_RETAIN_SELF = YES;
				CLANG_WARN_OBJC_LITERAL_CONVERSION = YES;
				CLANG_WARN_OBJC_ROOT_CLASS = YES_ERROR;
				CLANG_WARN_RANGE_LOOP_ANALYSIS = YES;
				CLANG_WARN_STRICT_PROTOTYPES = YES;
				CLANG_WARN_SUSPICIOUS_MOVE = YES;
				CLANG_WARN_UNGUARDED_AVAILABILITY = YES_AGGRESSIVE;
				CLANG_WARN_UNREACHABLE_CODE = YES;
				CLANG_WARN__DUPLICATE_METHOD_MATCH = YES;
				CODE_SIGN_IDENTITY = "iPhone Developer";
				COPY_PHASE_STRIP = NO;
				DEBUG_INFORMATION_FORMAT = dwarf;
				ENABLE_STRICT_OBJC_MSGSEND = YES;
				ENABLE_TESTABILITY = YES;
				GCC_C_LANGUAGE_STANDARD = gnu11;
				GCC_DYNAMIC_NO_PIC = NO;
				GCC_NO_COMMON_BLOCKS = YES;
				GCC_OPTIMIZATION_LEVEL = 0;
				GCC_PREPROCESSOR_DEFINITIONS = (
					"DEBUG=1",
					"$(inherited)",
				);
				GCC_WARN_64_TO_32_BIT_CONVERSION = YES;
				GCC_WARN_ABOUT_RETURN_TYPE = YES_ERROR;
				GCC_WARN_UNDECLARED_SELECTOR = YES;
				GCC_WARN_UNINITIALIZED_AUTOS = YES_AGGRESSIVE;
				GCC_WARN_UNUSED_FUNCTION = YES;
				GCC_WARN_UNUSED_VARIABLE = YES;
				IPHONEOS_DEPLOYMENT_TARGET = 12.0;
				MTL_ENABLE_DEBUG_INFO = INCLUDE_SOURCE;
				MTL_FAST_MATH = YES;
				ONLY_ACTIVE_ARCH = YES;
				SDKROOT = iphoneos;
				SWIFT_ACTIVE_COMPILATION_CONDITIONS = DEBUG;
				SWIFT_OPTIMIZATION_LEVEL = "-Onone";
			};
			name = Debug;
		};
		A3EFE630216E4575005B20D5 /* Release */ = {
			isa = XCBuildConfiguration;
			buildSettings = {
				ALWAYS_SEARCH_USER_PATHS = NO;
				CLANG_ANALYZER_NONNULL = YES;
				CLANG_ANALYZER_NUMBER_OBJECT_CONVERSION = YES_AGGRESSIVE;
				CLANG_CXX_LANGUAGE_STANDARD = "gnu++14";
				CLANG_CXX_LIBRARY = "libc++";
				CLANG_ENABLE_MODULES = YES;
				CLANG_ENABLE_OBJC_ARC = YES;
				CLANG_ENABLE_OBJC_WEAK = YES;
				CLANG_WARN_BLOCK_CAPTURE_AUTORELEASING = YES;
				CLANG_WARN_BOOL_CONVERSION = YES;
				CLANG_WARN_COMMA = YES;
				CLANG_WARN_CONSTANT_CONVERSION = YES;
				CLANG_WARN_DEPRECATED_OBJC_IMPLEMENTATIONS = YES;
				CLANG_WARN_DIRECT_OBJC_ISA_USAGE = YES_ERROR;
				CLANG_WARN_DOCUMENTATION_COMMENTS = YES;
				CLANG_WARN_EMPTY_BODY = YES;
				CLANG_WARN_ENUM_CONVERSION = YES;
				CLANG_WARN_INFINITE_RECURSION = YES;
				CLANG_WARN_INT_CONVERSION = YES;
				CLANG_WARN_NON_LITERAL_NULL_CONVERSION = YES;
				CLANG_WARN_OBJC_IMPLICIT_RETAIN_SELF = YES;
				CLANG_WARN_OBJC_LITERAL_CONVERSION = YES;
				CLANG_WARN_OBJC_ROOT_CLASS = YES_ERROR;
				CLANG_WARN_RANGE_LOOP_ANALYSIS = YES;
				CLANG_WARN_STRICT_PROTOTYPES = YES;
				CLANG_WARN_SUSPICIOUS_MOVE = YES;
				CLANG_WARN_UNGUARDED_AVAILABILITY = YES_AGGRESSIVE;
				CLANG_WARN_UNREACHABLE_CODE = YES;
				CLANG_WARN__DUPLICATE_METHOD_MATCH = YES;
				CODE_SIGN_IDENTITY = "iPhone Developer";
				COPY_PHASE_STRIP = NO;
				DEBUG_INFORMATION_FORMAT = "dwarf-with-dsym";
				ENABLE_NS_ASSERTIONS = NO;
				ENABLE_STRICT_OBJC_MSGSEND = YES;
				GCC_C_LANGUAGE_STANDARD = gnu11;
				GCC_NO_COMMON_BLOCKS = YES;
				GCC_WARN_64_TO_32_BIT_CONVERSION = YES;
				GCC_WARN_ABOUT_RETURN_TYPE = YES_ERROR;
				GCC_WARN_UNDECLARED_SELECTOR = YES;
				GCC_WARN_UNINITIALIZED_AUTOS = YES_AGGRESSIVE;
				GCC_WARN_UNUSED_FUNCTION = YES;
				GCC_WARN_UNUSED_VARIABLE = YES;
				IPHONEOS_DEPLOYMENT_TARGET = 12.0;
				MTL_ENABLE_DEBUG_INFO = NO;
				MTL_FAST_MATH = YES;
				SDKROOT = iphoneos;
				SWIFT_COMPILATION_MODE = wholemodule;
				SWIFT_OPTIMIZATION_LEVEL = "-O";
				VALIDATE_PRODUCT = YES;
			};
			name = Release;
		};
		A3EFE632216E4575005B20D5 /* Debug */ = {
			isa = XCBuildConfiguration;
			baseConfigurationReference = BB9EC5B5A6A1BF2FC458FF6E /* Pods-WeatherApp.debug.xcconfig */;
			buildSettings = {
				ASSETCATALOG_COMPILER_APPICON_NAME = AppIcon;
				CODE_SIGN_STYLE = Automatic;
				DEVELOPMENT_TEAM = P2GURVV2B3;
				INFOPLIST_FILE = WeatherApp/Info.plist;
				LD_RUNPATH_SEARCH_PATHS = (
					"$(inherited)",
					"@executable_path/Frameworks",
				);
				PRODUCT_BUNDLE_IDENTIFIER = club.beco.WeatherApp;
				PRODUCT_NAME = "$(TARGET_NAME)";
				SWIFT_VERSION = 4.2;
				TARGETED_DEVICE_FAMILY = "1,2";
			};
			name = Debug;
		};
		A3EFE633216E4575005B20D5 /* Release */ = {
			isa = XCBuildConfiguration;
			baseConfigurationReference = 2D6CCCC57DDC3D8EF74BEAA5 /* Pods-WeatherApp.release.xcconfig */;
			buildSettings = {
				ASSETCATALOG_COMPILER_APPICON_NAME = AppIcon;
				CODE_SIGN_STYLE = Automatic;
				DEVELOPMENT_TEAM = P2GURVV2B3;
				INFOPLIST_FILE = WeatherApp/Info.plist;
				LD_RUNPATH_SEARCH_PATHS = (
					"$(inherited)",
					"@executable_path/Frameworks",
				);
				PRODUCT_BUNDLE_IDENTIFIER = club.beco.WeatherApp;
				PRODUCT_NAME = "$(TARGET_NAME)";
				SWIFT_VERSION = 4.2;
				TARGETED_DEVICE_FAMILY = "1,2";
			};
			name = Release;
		};
/* End XCBuildConfiguration section */

/* Begin XCConfigurationList section */
		A3EFE61A216E4572005B20D5 /* Build configuration list for PBXProject "WeatherApp" */ = {
			isa = XCConfigurationList;
			buildConfigurations = (
				A3EFE62F216E4575005B20D5 /* Debug */,
				A3EFE630216E4575005B20D5 /* Release */,
			);
			defaultConfigurationIsVisible = 0;
			defaultConfigurationName = Release;
		};
		A3EFE631216E4575005B20D5 /* Build configuration list for PBXNativeTarget "WeatherApp" */ = {
			isa = XCConfigurationList;
			buildConfigurations = (
				A3EFE632216E4575005B20D5 /* Debug */,
				A3EFE633216E4575005B20D5 /* Release */,
			);
			defaultConfigurationIsVisible = 0;
			defaultConfigurationName = Release;
		};
/* End XCConfigurationList section */
	};
	rootObject = A3EFE617216E4572005B20D5 /* Project object */;
}
